
Microsoft Visual Studio Solution File, Format Version 10.00
# Visual Studio 2008
Project("{2150E333-8FDC-42A3-9474-1A3956D46DE8}") = "Framework", "Framework", "{B51A4885-E051-4BEF-9A76-923FC12B4441}"
EndProject
Project("{FAE04EC0-301F-11D3-BF4B-00C04F79EFBC}") = "Framework", "Framework\Framework.csproj", "{E1490DFE-8177-4BE1-9E0B-4B82381C2A74}"
EndProject
Project("{FAE04EC0-301F-11D3-BF4B-00C04F79EFBC}") = "Framework.Math", "Framework.Math\Framework.Math.csproj", "{0A5ED32A-5118-4278-A47B-9581E8CE5CBA}"
EndProject
Project("{FAE04EC0-301F-11D3-BF4B-00C04F79EFBC}") = "Framework.Ux", "Framework.Ux\Framework.Ux.csproj", "{1FE2D4DC-38B2-49F2-ABC2-EF85501BC09E}"
EndProject
Project("{FAE04EC0-301F-11D3-BF4B-00C04F79EFBC}") = "ILMergeTest", "ILMergeTest\ILMergeTest.csproj", "{07D516D6-6EB8-492B-A7FD-579D2150327C}"
	ProjectSection(ProjectDependencies) = postProject
		{0A5ED32A-5118-4278-A47B-9581E8CE5CBA} = {0A5ED32A-5118-4278-A47B-9581E8CE5CBA}
		{1FE2D4DC-38B2-49F2-ABC2-EF85501BC09E} = {1FE2D4DC-38B2-49F2-ABC2-EF85501BC09E}
		{E1490DFE-8177-4BE1-9E0B-4B82381C2A74} = {E1490DFE-8177-4BE1-9E0B-4B82381C2A74}
	EndProjectSection
EndProject
Global
	GlobalSection(SolutionConfigurationPlatforms) = preSolution
		Debug|Any CPU = Debug|Any CPU
		Release|Any CPU = Release|Any CPU
	EndGlobalSection
	GlobalSection(ProjectConfigurationPlatforms) = postSolution
		{E1490DFE-8177-4BE1-9E0B-4B82381C2A74}.Debug|Any CPU.ActiveCfg = Debug|Any CPU
		{E1490DFE-8177-4BE1-9E0B-4B82381C2A74}.Debug|Any CPU.Build.0 = Debug|Any CPU
		{E1490DFE-8177-4BE1-9E0B-4B82381C2A74}.Release|Any CPU.ActiveCfg = Release|Any CPU
		{E1490DFE-8177-4BE1-9E0B-4B82381C2A74}.Release|Any CPU.Build.0 = Release|Any CPU
		{0A5ED32A-5118-4278-A47B-9581E8CE5CBA}.Debug|Any CPU.ActiveCfg = Debug|Any CPU
		{0A5ED32A-5118-4278-A47B-9581E8CE5CBA}.Debug|Any CPU.Build.0 = Debug|Any CPU
		{0A5ED32A-5118-4278-A47B-9581E8CE5CBA}.Release|Any CPU.ActiveCfg = Release|Any CPU
		{0A5ED32A-5118-4278-A47B-9581E8CE5CBA}.Release|Any CPU.Build.0 = Release|Any CPU
		{1FE2D4DC-38B2-49F2-ABC2-EF85501BC09E}.Debug|Any CPU.ActiveCfg = Debug|Any CPU
		{1FE2D4DC-38B2-49F2-ABC2-EF85501BC09E}.Debug|Any CPU.Build.0 = Debug|Any CPU
		{1FE2D4DC-38B2-49F2-ABC2-EF85501BC09E}.Release|Any CPU.ActiveCfg = Release|Any CPU
		{1FE2D4DC-38B2-49F2-ABC2-EF85501BC09E}.Release|Any CPU.Build.0 = Release|Any CPU
		{07D516D6-6EB8-492B-A7FD-579D2150327C}.Debug|Any CPU.ActiveCfg = Debug|Any CPU
		{07D516D6-6EB8-492B-A7FD-579D2150327C}.Debug|Any CPU.Build.0 = Debug|Any CPU
		{07D516D6-6EB8-492B-A7FD-579D2150327C}.Release|Any CPU.ActiveCfg = Release|Any CPU
		{07D516D6-6EB8-492B-A7FD-579D2150327C}.Release|Any CPU.Build.0 = Release|Any CPU
	EndGlobalSection
	GlobalSection(SolutionProperties) = preSolution
		HideSolutionNode = FALSE
	EndGlobalSection
	GlobalSection(NestedProjects) = preSolution
		{E1490DFE-8177-4BE1-9E0B-4B82381C2A74} = {B51A4885-E051-4BEF-9A76-923FC12B4441}
		{0A5ED32A-5118-4278-A47B-9581E8CE5CBA} = {B51A4885-E051-4BEF-9A76-923FC12B4441}
		{1FE2D4DC-38B2-49F2-ABC2-EF85501BC09E} = {B51A4885-E051-4BEF-9A76-923FC12B4441}
	EndGlobalSection
EndGlobal
